{
  "originHash" : "d0bebab7e21279021db58b37eacd8802a353d3bb331ad98c0deb6874ba344436",
  "pins" : [
    {
      "identity" : "chameleon",
      "kind" : "remoteSourceControl",
      "location" : "https://github.com/drasticactions/Chameleon.git",
      "state" : {
        "branch" : "master",
        "revision" : "5ad13706439f111291484dac893a79945c1e4b8f"
      }
    },
    {
      "identity" : "realm-core",
      "kind" : "remoteSourceControl",
      "location" : "https://github.com/realm/realm-core.git",
      "state" : {
        "revision" : "a5e87a39cffdcc591f3203c11cfca68100d0b9a6",
        "version" : "13.26.0"
      }
    },
    {
      "identity" : "realm-swift",
      "kind" : "remoteSourceControl",
      "location" : "https://github.com/realm/realm-swift.git",
      "state" : {
        "branch" : "master",
        "revision" : "aea16af78a0bbfb2c964801becaecb9cade9335f"
      }
    }
  ],
  "version" : 3
}
